
Microsoft Visual Studio Solution File, Format Version 12.00
# Visual Studio 14
VisualStudioVersion = 14.0.24720.0
MinimumVisualStudioVersion = 10.0.40219.1
Project("{FAE04EC0-301F-11D3-BF4B-00C04F79EFBC}") = "Core", "Core\Core.csproj", "{40012029-0FE8-4A64-A1B5-982A9E23D153}"
EndProject
Project("{FAE04EC0-301F-11D3-BF4B-00C04F79EFBC}") = "Geometry", "Geometry\Geometry.csproj", "{93B2063F-2775-4E8D-B231-F8EC094F055B}"
EndProject
Project("{FAE04EC0-301F-11D3-BF4B-00C04F79EFBC}") = "ToOffice", "ToWord\ToOffice.csproj", "{015F63C4-8BDE-4F8B-B22C-E4C83BD3805B}"
EndProject
Project("{FAE04EC0-301F-11D3-BF4B-00C04F79EFBC}") = "IMG-CAD辅助工具", "IMG-CAD辅助工具\IMG-CAD辅助工具.csproj", "{369FE7FB-2031-4F42-AC0D-8FD90482C522}"
EndProject
Project("{FAE04EC0-301F-11D3-BF4B-00C04F79EFBC}") = "钢筋文字修正", "钢筋文字修正\钢筋文字修正.csproj", "{037B11BA-320D-4CE5-B451-E471CAA0E843}"
EndProject
Global
	GlobalSection(SolutionConfigurationPlatforms) = preSolution
		Debug|Any CPU = Debug|Any CPU
		Release|Any CPU = Release|Any CPU
	EndGlobalSection
	GlobalSection(ProjectConfigurationPlatforms) = postSolution
		{40012029-0FE8-4A64-A1B5-982A9E23D153}.Debug|Any CPU.ActiveCfg = Debug|Any CPU
		{40012029-0FE8-4A64-A1B5-982A9E23D153}.Debug|Any CPU.Build.0 = Debug|Any CPU
		{40012029-0FE8-4A64-A1B5-982A9E23D153}.Release|Any CPU.ActiveCfg = Release|Any CPU
		{40012029-0FE8-4A64-A1B5-982A9E23D153}.Release|Any CPU.Build.0 = Release|Any CPU
		{93B2063F-2775-4E8D-B231-F8EC094F055B}.Debug|Any CPU.ActiveCfg = Debug|Any CPU
		{93B2063F-2775-4E8D-B231-F8EC094F055B}.Debug|Any CPU.Build.0 = Debug|Any CPU
		{93B2063F-2775-4E8D-B231-F8EC094F055B}.Release|Any CPU.ActiveCfg = Release|Any CPU
		{93B2063F-2775-4E8D-B231-F8EC094F055B}.Release|Any CPU.Build.0 = Release|Any CPU
		{015F63C4-8BDE-4F8B-B22C-E4C83BD3805B}.Debug|Any CPU.ActiveCfg = Debug|Any CPU
		{015F63C4-8BDE-4F8B-B22C-E4C83BD3805B}.Debug|Any CPU.Build.0 = Debug|Any CPU
		{015F63C4-8BDE-4F8B-B22C-E4C83BD3805B}.Release|Any CPU.ActiveCfg = Release|Any CPU
		{015F63C4-8BDE-4F8B-B22C-E4C83BD3805B}.Release|Any CPU.Build.0 = Release|Any CPU
		{369FE7FB-2031-4F42-AC0D-8FD90482C522}.Debug|Any CPU.ActiveCfg = Debug|Any CPU
		{369FE7FB-2031-4F42-AC0D-8FD90482C522}.Debug|Any CPU.Build.0 = Debug|Any CPU
		{369FE7FB-2031-4F42-AC0D-8FD90482C522}.Release|Any CPU.ActiveCfg = Release|Any CPU
		{369FE7FB-2031-4F42-AC0D-8FD90482C522}.Release|Any CPU.Build.0 = Release|Any CPU
		{037B11BA-320D-4CE5-B451-E471CAA0E843}.Debug|Any CPU.ActiveCfg = Debug|Any CPU
		{037B11BA-320D-4CE5-B451-E471CAA0E843}.Debug|Any CPU.Build.0 = Debug|Any CPU
		{037B11BA-320D-4CE5-B451-E471CAA0E843}.Release|Any CPU.ActiveCfg = Release|Any CPU
		{037B11BA-320D-4CE5-B451-E471CAA0E843}.Release|Any CPU.Build.0 = Release|Any CPU
	EndGlobalSection
	GlobalSection(SolutionProperties) = preSolution
		HideSolutionNode = FALSE
	EndGlobalSection
EndGlobal
